
Microsoft Visual Studio Solution File, Format Version 12.00
# Visual Studio Version 17
VisualStudioVersion = 17.5.002.0
MinimumVisualStudioVersion = 10.0.40219.1
Project("{9A19103F-16F7-4668-BE54-9A1E7A4F7556}") = "TP9", "TP9.csproj", "{CCC8607C-CFBD-4595-95A6-51C4C2228927}"
EndProject
Global
	GlobalSection(SolutionConfigurationPlatforms) = preSolution
		Debug|Any CPU = Debug|Any CPU
		Release|Any CPU = Release|Any CPU
	EndGlobalSection
	GlobalSection(ProjectConfigurationPlatforms) = postSolution
		{CCC8607C-CFBD-4595-95A6-51C4C2228927}.Debug|Any CPU.ActiveCfg = Debug|Any CPU
		{CCC8607C-CFBD-4595-95A6-51C4C2228927}.Debug|Any CPU.Build.0 = Debug|Any CPU
		{CCC8607C-CFBD-4595-95A6-51C4C2228927}.Release|Any CPU.ActiveCfg = Release|Any CPU
		{CCC8607C-CFBD-4595-95A6-51C4C2228927}.Release|Any CPU.Build.0 = Release|Any CPU
	EndGlobalSection
	GlobalSection(SolutionProperties) = preSolution
		HideSolutionNode = FALSE
	EndGlobalSection
	GlobalSection(ExtensibilityGlobals) = postSolution
		SolutionGuid = {5BB76BB3-731A-488E-9B0E-FEA7A906AA14}
	EndGlobalSection
EndGlobal
